
Microsoft Visual Studio Solution File, Format Version 12.00
# Visual Studio Version 17
VisualStudioVersion = 17.14.36804.6 d17.14
MinimumVisualStudioVersion = 10.0.40219.1
Project("{FAE04EC0-301F-11D3-BF4B-00C04F79EFBC}") = "BluetoothChat", "BluetoothChat\BluetoothChat.csproj", "{1707C519-9A7F-4080-B95B-3A7A76FBB9ED}"
EndProject
Global
	GlobalSection(SolutionConfigurationPlatforms) = preSolution
		Debug|Any CPU = Debug|Any CPU
		Release|Any CPU = Release|Any CPU
	EndGlobalSection
	GlobalSection(ProjectConfigurationPlatforms) = postSolution
		{1707C519-9A7F-4080-B95B-3A7A76FBB9ED}.Debug|Any CPU.ActiveCfg = Debug|Any CPU
		{1707C519-9A7F-4080-B95B-3A7A76FBB9ED}.Debug|Any CPU.Build.0 = Debug|Any CPU
		{1707C519-9A7F-4080-B95B-3A7A76FBB9ED}.Release|Any CPU.ActiveCfg = Release|Any CPU
		{1707C519-9A7F-4080-B95B-3A7A76FBB9ED}.Release|Any CPU.Build.0 = Release|Any CPU
	EndGlobalSection
	GlobalSection(SolutionProperties) = preSolution
		HideSolutionNode = FALSE
	EndGlobalSection
	GlobalSection(ExtensibilityGlobals) = postSolution
		SolutionGuid = {6E4627E7-E671-4F28-92CF-65920A73F6A9}
	EndGlobalSection
EndGlobal
